version = 1
revision = 3
requires-python = "==3.12.*"

[[package]]
name = "basedpyright"
version = "1.39.10"
source = { registry = "https://pypi.org/simple" }
dependencies = [
    { name = "nodejs-wheel-binaries" },
]
sdist = { url = "https://files.pythonhosted.org/packages/68/43/ad2999f3b09eb2b1e59931d88fac0f7bcc9c17fc18c903268779bd10cc97/basedpyright-1.39.10.tar.gz", hash = "sha256:c8eaf5302f3265e275c7df4fba194d7afa7c1cb53fbfd448e90098360aca2c2e", size = 24740347, upload-time = "2026-08-13T17:09:02.51Z" }
wheels = [
    { url = "https://files.pythonhosted.org/packages/be/2a/a224054d75a58786c482f63b8ff2a09fc3362268bd1ebd0a61fb3f982153/basedpyright-1.39.10-py3-none-any.whl", hash = "sha256:cbd75d83c0be841329bcfef2d2f1182f152a6d975b8eb199e75cf5b8e9a3de78", size = 13482322, upload-time = "2026-08-13T17:08:59.074Z" },
]

[[package]]
name = "cmake"
version = "3.31.6"
source = { registry = "https://pypi.org/simple" }
sdist = { url = "https://files.pythonhosted.org/packages/00/95/ed1ad3763da30c963a941d3c641c9ec9f1397742407a3ab00f94263a5d9d/cmake-3.31.6.tar.gz", hash = "sha256:8edddfbf367fa1bcf4b9f3064470bc0e1022f70609c0cf69c863961897826205", size = 34370, upload-time = "2025-02-28T00:16:15.693Z" }
wheels = [
    { url = "https://files.pythonhosted.org/packages/7f/09/516b0d709672bc430eb13278f0316acd34869269447744f5d136daeef689/cmake-3.31.6-py3-none-macosx_10_10_universal2.whl", hash = "sha256:da9d4fd9abd571fd016ddb27da0428b10277010b23bb21e3678f8b9e96e1686e", size = 47224338, upload-time = "2025-02-28T00:14:40.995Z" },
    { url = "https://files.pythonhosted.org/packages/4c/a7/c12bc44214397a0429d08cb90adb8fdcfa643a03121daade5ee6bbfe060f/cmake-3.31.6-py3-none-manylinux_2_12_i686.manylinux2010_i686.whl", hash = "sha256:689441fc74fbb03673c67e20d4636614a231634d5e803387cd213d2cdf9675fc", size = 27569682, upload-time = "2025-02-28T00:14:47.646Z" },
    { url = "https://files.pythonhosted.org/packages/1e/52/85550dfcadca90b59809a1225461bfaadfcbbcc8fe62fa24f75edbe6e0b1/cmake-3.31.6-py3-none-manylinux_2_12_x86_64.manylinux2010_x86_64.whl", hash = "sha256:2297e9591307d9c61e557efe737bcf4d7c13a30f1f860732f684a204fee24dca", size = 26820570, upload-time = "2025-02-28T00:14:52.256Z" },
    { url = "https://files.pythonhosted.org/packages/1e/97/c950850b00daf4a79c38a9f2e463dc75581a43a9575186439cff43cf4740/cmake-3.31.6-py3-none-manylinux_2_17_aarch64.manylinux2014_aarch64.whl", hash = "sha256:42d9883b8958da285d53d5f69d40d9650c2d1bcf922d82b3ebdceb2b3a7d4521", size = 27155601, upload-time = "2025-02-28T00:14:58.201Z" },
    { url = "https://files.pythonhosted.org/packages/a2/a4/d1fa5222f399cb6c304fc96d18d2144e61c1e5146f6fc98063dfa6b61ea2/cmake-3.31.6-py3-none-manylinux_2_17_i686.manylinux2014_i686.whl", hash = "sha256:cefb910be81e1b4fdc3b89ef61819c3e848b3906ed56ac36d090f37cfa05666b", size = 28882832, upload-time = "2025-02-28T00:15:03.969Z" },
    { url = "https://files.pythonhosted.org/packages/82/e3/3c4057e797e2151ae57ce0cb9ca10310e5b2ff3da4e2089b713f1a680280/cmake-3.31.6-py3-none-manylinux_2_17_ppc64le.manylinux2014_ppc64le.whl", hash = "sha256:4326f6c6f39867a60e2822fea8e6aedbcac09c9f59ad3f0f3386a890a2c8d89d", size = 30746172, upload-time = "2025-02-28T00:15:08.698Z" },
    { url = "https://files.pythonhosted.org/packages/1e/ec/d1c50c2a283bd0f567da1a0a70d99e0c8056104b3d857829b5759ee5321f/cmake-3.31.6-py3-none-manylinux_2_17_s390x.manylinux2014_s390x.whl", hash = "sha256:6f77db820af725bb92fab60c4c9d67f64442ac0ea9b933aca4cd4586219cbd1f", size = 26923376, upload-time = "2025-02-28T00:15:14.204Z" },
    { url = "https://files.pythonhosted.org/packages/59/e8/096984b89133681533650b9078c5ed1c5c9b534e869b5487f22d4de1935c/cmake-3.31.6-py3-none-manylinux_2_17_x86_64.manylinux2014_x86_64.whl", hash = "sha256:1c8b05df0602365da91ee6a3336fe57525b137706c4ab5675498f662ae1dbcec", size = 27800904, upload-time = "2025-02-28T00:15:19.697Z" },
    { url = "https://files.pythonhosted.org/packages/a9/f9/715a389ebbca277fb9d90e512ed5643e99139283c6f1fb211d7b62e18641/cmake-3.31.6-py3-none-manylinux_2_31_armv7l.whl", hash = "sha256:9eed74a1f2a29a7cd92a9f071a35d64645b19802beb393ec250d6e7c09441314", size = 24978138, upload-time = "2025-02-28T00:15:24.533Z" },
    { url = "https://files.pythonhosted.org/packages/1e/0c/75dd5349f17070858428ab4d8109581236724aa9ab8bf7702c48fb242ac8/cmake-3.31.6-py3-none-musllinux_1_1_aarch64.whl", hash = "sha256:112b36427e59bd26145b705a49d5f70b16433a655ce807cb8fdd81dd4d0e60c2", size = 27838267, upload-time = "2025-02-28T00:15:30.131Z" },
    { url = "https://files.pythonhosted.org/packages/02/8c/8c71a96e54192d81dfe696920b8cc018a1acf34029fcb18d47f21ba1d582/cmake-3.31.6-py3-none-musllinux_1_1_i686.whl", hash = "sha256:13f2e636dc27834fe096f53301d6efb913b4b501fdc0ed03f386c0a7e7ec1a21", size = 31379771, upload-time = "2025-02-28T00:15:35.566Z" },
    { url = "https://files.pythonhosted.org/packages/7a/58/37f09b8e6dcdbcbeb165c36e7def24463b3a05e9c95018f3b45ea779c975/cmake-3.31.6-py3-none-musllinux_1_1_ppc64le.whl", hash = "sha256:8b67bf9613dfb59c12ce643c6be582c49c981e6eee28c4c244aeb3248b33f05e", size = 32092248, upload-time = "2025-02-28T00:15:40.51Z" },
    { url = "https://files.pythonhosted.org/packages/e1/f8/b09c58e08ab7e9c1d1da28fde86fc8f48228dc9dbf3530ee695346b72f42/cmake-3.31.6-py3-none-musllinux_1_1_s390x.whl", hash = "sha256:024a79ca3d2c355f75875b6cc92d907afd710d1a4ffde2f20a7da712a2f4b1c3", size = 27960713, upload-time = "2025-02-28T00:15:45.594Z" },
    { url = "https://files.pythonhosted.org/packages/1e/40/08cdebe9f4ab7e3299c4a3a10c7f209bbe8b25781c40ea1788a3aca39222/cmake-3.31.6-py3-none-musllinux_1_1_x86_64.whl", hash = "sha256:ce5fc0299ecafe489b2614daa6176c3c2baacea6bc3b359bac9aa25b46ed43e9", size = 29486066, upload-time = "2025-02-28T00:15:50.767Z" },
    { url = "https://files.pythonhosted.org/packages/ec/23/fea759f3e09e1d42e58ce64e5acddb96c95d48bb1b0495d20d6b3ec0da88/cmake-3.31.6-py3-none-musllinux_1_2_armv7l.whl", hash = "sha256:547efc1d0e27a194da819a0392fe645a9b8f1485bc2c3f34ae4f1e682cfd3153", size = 32986603, upload-time = "2025-02-28T00:15:55.536Z" },
    { url = "https://files.pythonhosted.org/packages/2d/be/3c8fb670b75ff2850ba2269dd5d2b76ba12545e3c0c6ce064334ac4edf9f/cmake-3.31.6-py3-none-win32.whl", hash = "sha256:9f170e3c6933dba64f333cb456823bbb1d0ac126f94aa4a577e40855d2b1ca49", size = 33420573, upload-time = "2025-02-28T00:16:00.427Z" },
    { url = "https://files.pythonhosted.org/packages/18/58/909d6d99acb4e0886d0f660cf4e0fb26f586590e370b2e4ce7a10d06b145/cmake-3.31.6-py3-none-win_amd64.whl", hash = "sha256:bbaed969cef3c427f4f17591feb28db4ae595e3a4bbd45cb35522cee14df6a32", size = 36396448, upload-time = "2025-02-28T00:16:05.702Z" },
    { url = "https://files.pythonhosted.org/packages/c2/89/59ce2d293dfb2da1360e3c21b775559dd18b9f9d34c5cb5ed128d5a8faf5/cmake-3.31.6-py3-none-win_arm64.whl", hash = "sha256:6cb97adae7e5390ce68f8b7f38e1be1c72bf19e9f6727f31f8fa1c095b39be88", size = 35422613, upload-time = "2025-02-28T00:16:11.529Z" },
]

[[package]]
name = "colorama"
version = "0.4.6"
source = { registry = "https://pypi.org/simple" }
sdist = { url = "https://files.pythonhosted.org/packages/d8/53/6f443c9a4a8358a93a6792e2acffb9d9d5cb0a5cfd8802644b7b1c9a02e4/colorama-0.4.6.tar.gz", hash = "sha256:08695f5cb7ed6e0531a20572697297273c47b8cae5a63ffc6d6ed5c201be6e44", size = 27697, upload-time = "2022-10-25T02:36:22.414Z" }
wheels = [
    { url = "https://files.pythonhosted.org/packages/d1/d6/3965ed04c63042e047cb6a3e6ed1a63a35087b6a609aa3a15ed8ac56c221/colorama-0.4.6-py2.py3-none-any.whl", hash = "sha256:4f1d9991f5acc0ca119f9d443620b77f9d6b33703e51011c16baf57afb285fc6", size = 25335, upload-time = "2022-10-25T02:36:20.889Z" },
]

[[package]]
name = "iniconfig"
version = "2.3.0"
source = { registry = "https://pypi.org/simple" }
sdist = { url = "https://files.pythonhosted.org/packages/72/34/14ca021ce8e5dfedc35312d08ba8bf51fdd999c576889fc2c24cb97f4f10/iniconfig-2.3.0.tar.gz", hash = "sha256:c76315c77db068650d49c5b56314774a7804df16fee4402c1f19d6d15d8c4730", size = 20503, upload-time = "2025-10-18T21:55:43.219Z" }
wheels = [
    { url = "https://files.pythonhosted.org/packages/cb/b1/3846dd7f199d53cb17f49cba7e651e9ce294d8497c8c150530ed11865bb8/iniconfig-2.3.0-py3-none-any.whl", hash = "sha256:f631c04d2c48c52b84d0d0549c99ff3859c98df65b3101406327ecc7d53fbf12", size = 7484, upload-time = "2025-10-18T21:55:41.639Z" },
]

[[package]]
name = "ninja"
version = "1.11.1.4"
source = { registry = "https://pypi.org/simple" }
sdist = { url = "https://files.pythonhosted.org/packages/95/d4/6b0324541018561c5e73e617bd16f20a4fc17d1179bb3b3520b6ca8beb7b/ninja-1.11.1.4.tar.gz", hash = "sha256:6aa39f6e894e0452e5b297327db00019383ae55d5d9c57c73b04f13bf79d438a", size = 201256, upload-time = "2025-03-22T06:46:43.46Z" }
wheels = [
    { url = "https://files.pythonhosted.org/packages/4f/b1/3a61b348936b62a386465b1937cd778fa3a5748582e26d832dbab844ff27/ninja-1.11.1.4-py3-none-macosx_10_9_universal2.whl", hash = "sha256:b33923c8da88e8da20b6053e38deb433f53656441614207e01d283ad02c5e8e7", size = 279071, upload-time = "2025-03-22T06:46:17.806Z" },
    { url = "https://files.pythonhosted.org/packages/12/42/4c94fdad51fcf1f039a156e97de9e4d564c2a8cc0303782d36f9bd893a4b/ninja-1.11.1.4-py3-none-manylinux_2_12_i686.manylinux2010_i686.whl", hash = "sha256:cede0af00b58e27b31f2482ba83292a8e9171cdb9acc2c867a3b6e40b3353e43", size = 472026, upload-time = "2025-03-22T06:46:19.974Z" },
    { url = "https://files.pythonhosted.org/packages/eb/7a/455d2877fe6cf99886849c7f9755d897df32eaf3a0fba47b56e615f880f7/ninja-1.11.1.4-py3-none-manylinux_2_12_x86_64.manylinux2010_x86_64.whl", hash = "sha256:096487995473320de7f65d622c3f1d16c3ad174797602218ca8c967f51ec38a0", size = 422814, upload-time = "2025-03-22T06:46:21.235Z" },
    { url = "https://files.pythonhosted.org/packages/e3/ad/fb6cca942528e25e8e0ab0f0cf98fe007319bf05cf69d726c564b815c4af/ninja-1.11.1.4-py3-none-manylinux_2_17_aarch64.manylinux2014_aarch64.whl", hash = "sha256:d3090d4488fadf6047d0d7a1db0c9643a8d391f0d94729554dbb89b5bdc769d7", size = 156965, upload-time = "2025-03-22T06:46:23.45Z" },
    { url = "https://files.pythonhosted.org/packages/a8/e7/d94a1b60031b115dd88526834b3da69eaacdc3c1a6769773ca8e2b1386b5/ninja-1.11.1.4-py3-none-manylinux_2_17_ppc64le.manylinux2014_ppc64le.whl", hash = "sha256:ecce44a00325a93631792974659cf253a815cc6da4ec96f89742925dfc295a0d", size = 179937, upload-time = "2025-03-22T06:46:24.728Z" },
    { url = "https://files.pythonhosted.org/packages/08/cc/e9316a28235409e9363794fc3d0b3083e48dd80d441006de66421e55f364/ninja-1.11.1.4-py3-none-manylinux_2_17_s390x.manylinux2014_s390x.whl", hash = "sha256:9c29bb66d2aa46a2409ab369ea804c730faec7652e8c22c1e428cc09216543e5", size = 157020, upload-time = "2025-03-22T06:46:26.046Z" },
    { url = "https://files.pythonhosted.org/packages/e3/30/389b22300541aa5f2e9dad322c4de2f84be4e32aa4e8babd9160d620b5f1/ninja-1.11.1.4-py3-none-manylinux_2_28_armv7l.manylinux_2_31_armv7l.whl", hash = "sha256:055f386fb550c2c9d6157e45e20a84d29c47968876b9c5794ae2aec46f952306", size = 130389, upload-time = "2025-03-22T06:46:27.174Z" },
    { url = "https://files.pythonhosted.org/packages/a9/10/e27f35cb92813aabbb7ae771b1685b45be1cc8a0798ce7d4bfd08d142b93/ninja-1.11.1.4-py3-none-musllinux_1_1_aarch64.whl", hash = "sha256:f6186d7607bb090c3be1e10c8a56b690be238f953616626f5032238c66e56867", size = 372435, upload-time = "2025-03-22T06:46:28.637Z" },
    { url = "https://files.pythonhosted.org/packages/c2/26/e3559619756739aae124c6abf7fe41f7e546ab1209cfbffb13137bff2d2e/ninja-1.11.1.4-py3-none-musllinux_1_1_i686.whl", hash = "sha256:cf4453679d15babc04ba023d68d091bb613091b67101c88f85d2171c6621c6eb", size = 419300, upload-time = "2025-03-22T06:46:30.392Z" },
    { url = "https://files.pythonhosted.org/packages/35/46/809e4e9572570991b8e6f88f3583807d017371ab4cb09171cbc72a7eb3e4/ninja-1.11.1.4-py3-none-musllinux_1_1_ppc64le.whl", hash = "sha256:d4a6f159b08b0ac4aca5ee1572e3e402f969139e71d85d37c0e2872129098749", size = 420239, upload-time = "2025-03-22T06:46:32.442Z" },
    { url = "https://files.pythonhosted.org/packages/e6/64/5cb5710d15f844edf02ada577f8eddfdcd116f47eec15850f3371a3a4b33/ninja-1.11.1.4-py3-none-musllinux_1_1_s390x.whl", hash = "sha256:c3b96bd875f3ef1db782470e9e41d7508905a0986571f219d20ffed238befa15", size = 415986, upload-time = "2025-03-22T06:46:33.821Z" },
    { url = "https://files.pythonhosted.org/packages/95/b2/0e9ab1d926f423b12b09925f78afcc5e48b3c22e7121be3ddf6c35bf06a3/ninja-1.11.1.4-py3-none-musllinux_1_1_x86_64.whl", hash = "sha256:cf554e73f72c04deb04d0cf51f5fdb1903d9c9ca3d2344249c8ce3bd616ebc02", size = 379657, upload-time = "2025-03-22T06:46:36.166Z" },
    { url = "https://files.pythonhosted.org/packages/c8/3e/fd6d330d0434168e7fe070d414b57dd99c4c133faa69c05b42a3cbdc6c13/ninja-1.11.1.4-py3-none-musllinux_1_2_armv7l.whl", hash = "sha256:cfdd09776436a1ff3c4a2558d3fc50a689fb9d7f1bdbc3e6f7b8c2991341ddb3", size = 454466, upload-time = "2025-03-22T06:46:37.413Z" },
    { url = "https://files.pythonhosted.org/packages/e6/df/a25f3ad0b1c59d1b90564096e4fd89a6ca30d562b1e942f23880c3000b89/ninja-1.11.1.4-py3-none-win32.whl", hash = "sha256:2ab67a41c90bea5ec4b795bab084bc0b3b3bb69d3cd21ca0294fc0fc15a111eb", size = 255931, upload-time = "2025-03-22T06:46:39.171Z" },
    { url = "https://files.pythonhosted.org/packages/5b/10/9b8fe9ac004847490cc7b54896124c01ce2d87d95dc60aabd0b8591addff/ninja-1.11.1.4-py3-none-win_amd64.whl", hash = "sha256:4617b3c12ff64b611a7d93fd9e378275512bb36eff8babff7c83f5116b4f8d66", size = 296461, upload-time = "2025-03-22T06:46:40.532Z" },
    { url = "https://files.pythonhosted.org/packages/b9/58/612a17593c2d117f96c7f6b7f1e6570246bddc4b1e808519403a1417f217/ninja-1.11.1.4-py3-none-win_arm64.whl", hash = "sha256:5713cf50c5be50084a8693308a63ecf9e55c3132a78a41ab1363a28b6caaaee1", size = 271441, upload-time = "2025-03-22T06:46:42.147Z" },
]

[[package]]
name = "nodejs-wheel-binaries"
version = "24.19.0"
source = { registry = "https://pypi.org/simple" }
sdist = { url = "https://files.pythonhosted.org/packages/c0/76/7e97195e14346598565a0de4ca8bdbd5e634b3fb5b1ba590b7b1b89f8a63/nodejs_wheel_binaries-24.19.0.tar.gz", hash = "sha256:db217eef8cab8551667863379b08db4d9067403f6cbbe87481eb40edceb8aa9b", size = 8058, upload-time = "2026-08-19T21:47:19.671Z" }
wheels = [
    { url = "https://files.pythonhosted.org/packages/8c/52/0774b52c7be8151ad9d5aff44edc100c3f13d6d8eb3765f63ffa40e69fe8/nodejs_wheel_binaries-24.19.0-py2.py3-none-macosx_13_0_arm64.whl", hash = "sha256:e12cbfd69089504e42fb14194ce734a9dcf3eb38c820ca63dd511d36fb964e9c", size = 56047203, upload-time = "2026-08-19T21:46:43.448Z" },
    { url = "https://files.pythonhosted.org/packages/67/3a/4fdbbfecf2c23d52c0e3f68de7f7c1b3c97a26d328c69c5f6c49c48e340e/nodejs_wheel_binaries-24.19.0-py2.py3-none-macosx_13_0_x86_64.whl", hash = "sha256:1c890adf4b7e6556ccc1ca66c866bb81884b6c9a581dee4e530dc7f78fb9d514", size = 56219459, upload-time = "2026-08-19T21:46:48.45Z" },
    { url = "https://files.pythonhosted.org/packages/5f/a8/0147149415195c59b8a72a594916bfb80d6be4d586f9fbfda313889e0efc/nodejs_wheel_binaries-24.19.0-py2.py3-none-manylinux_2_28_aarch64.whl", hash = "sha256:4e029dadfae1295876063c96b236f673487e8c27379fe146c1e2250283520227", size = 60588256, upload-time = "2026-08-19T21:46:53.298Z" },
    { url = "https://files.pythonhosted.org/packages/f4/89/6631d0982353da1bb7bc00bb1988f702822c62b42634f57999ee53b5c337/nodejs_wheel_binaries-24.19.0-py2.py3-none-manylinux_2_28_x86_64.whl", hash = "sha256:4196a947bcc883f2003ab101762d729f3e99b5e86b75bd09151563403e2eceb8", size = 61123607, upload-time = "2026-08-19T21:46:58.117Z" },
    { url = "https://files.pythonhosted.org/packages/32/a2/fa30f0841e4602995782e124359f9b910c7b481d98decf61ef0b2fc3ebfb/nodejs_wheel_binaries-24.19.0-py2.py3-none-musllinux_1_2_aarch64.whl", hash = "sha256:352e048ab4dd35e7de5f338d1cc4fcbf77a0e93da30bf7336a8217ee246b31d7", size = 62632842, upload-time = "2026-08-19T21:47:03.42Z" },
    { url = "https://files.pythonhosted.org/packages/18/01/22d97ca72213f66cc386ee638db30c2e62757fdf761c6029074bced83d1c/nodejs_wheel_binaries-24.19.0-py2.py3-none-musllinux_1_2_x86_64.whl", hash = "sha256:28d078b2ced9e2069516e652dc4b1380e7a1a7f2d3934eccd1611586d283ba4c", size = 63250653, upload-time = "2026-08-19T21:47:07.938Z" },
    { url = "https://files.pythonhosted.org/packages/88/d1/e3be8fa327a795bcaf7a19cd84299e338a7bce32ff0665fdce9cfa22573c/nodejs_wheel_binaries-24.19.0-py2.py3-none-win_amd64.whl", hash = "sha256:67e3abeb9c3830cae8c8487ae8a2af7cc27dfa75af06145cee5ca7d1857c81bd", size = 42448503, upload-time = "2026-08-19T21:47:12.093Z" },
    { url = "https://files.pythonhosted.org/packages/1d/37/34cf28ba1691a060174948a9927fe61091982d6048b2e403071a9acce443/nodejs_wheel_binaries-24.19.0-py2.py3-none-win_arm64.whl", hash = "sha256:d9074c665ea68b04e183d82482c86dc907d3a9bd15eb6cf85542cb785266bb36", size = 40090155, upload-time = "2026-08-19T21:47:16.032Z" },
]

[[package]]
name = "packaging"
version = "26.3"
source = { registry = "https://pypi.org/simple" }
sdist = { url = "https://files.pythonhosted.org/packages/7d/fa/3944b40b07da9ce895c0e6303a5ab7d53da063554f534556b134a54d6093/packaging-26.3.tar.gz", hash = "sha256:94edc256424af38762eb31306eed28beb9f0efc50a8837492c9d6fd6004aed79", size = 313412, upload-time = "2026-08-04T18:15:28.737Z" }
wheels = [
    { url = "https://files.pythonhosted.org/packages/63/34/ba1c580383c9eada3711951fef0795c80b829a078d72188184bcab9dd527/packaging-26.3-py3-none-any.whl", hash = "sha256:d7193f7c8e4e93f444fde0262bf90af30e16fa0ad0ad44cb553c87339b23cd1c", size = 129956, upload-time = "2026-08-04T18:15:27.159Z" },
]

[[package]]
name = "pluggy"
version = "1.6.0"
source = { registry = "https://pypi.org/simple" }
sdist = { url = "https://files.pythonhosted.org/packages/f9/e2/3e91f31a7d2b083fe6ef3fa267035b518369d9511ffab804f839851d2779/pluggy-1.6.0.tar.gz", hash = "sha256:7dcc130b76258d33b90f61b658791dede3486c3e6bfb003ee5c9bfb396dd22f3", size = 69412, upload-time = "2025-05-15T12:30:07.975Z" }
wheels = [
    { url = "https://files.pythonhosted.org/packages/54/20/4d324d65cc6d9205fabedc306948156824eb9f0ee1633355a8f7ec5c66bf/pluggy-1.6.0-py3-none-any.whl", hash = "sha256:e920276dd6813095e9377c0bc5566d94c932c33b27a3e3945d8389c374dd4746", size = 20538, upload-time = "2025-05-15T12:30:06.134Z" },
]

[[package]]
name = "pyelftools"
version = "0.32"
source = { registry = "https://pypi.org/simple" }
sdist = { url = "https://files.pythonhosted.org/packages/b9/ab/33968940b2deb3d92f5b146bc6d4009a5f95d1d06c148ea2f9ee965071af/pyelftools-0.32.tar.gz", hash = "sha256:6de90ee7b8263e740c8715a925382d4099b354f29ac48ea40d840cf7aa14ace5", size = 15047199, upload-time = "2025-02-19T14:20:05.549Z" }
wheels = [
    { url = "https://files.pythonhosted.org/packages/af/43/700932c4f0638c3421177144a2e86448c0d75dbaee2c7936bda3f9fd0878/pyelftools-0.32-py3-none-any.whl", hash = "sha256:013df952a006db5e138b1edf6d8a68ecc50630adbd0d83a2d41e7f846163d738", size = 188525, upload-time = "2025-02-19T14:19:59.919Z" },
]

[[package]]
name = "pygments"
version = "2.21.0"
source = { registry = "https://pypi.org/simple" }
sdist = { url = "https://files.pythonhosted.org/packages/49/2e/ced460408999b33da6b31b0021b0f37d329e202d4169aeb164493778f25b/pygments-2.21.0.tar.gz", hash = "sha256:610ca751c9bc2492b38eb9a38a7fbc93edbbb2d7182edaf34e66ae493dee5c8c", size = 5005329, upload-time = "2026-08-17T08:02:48.824Z" }
wheels = [
    { url = "https://files.pythonhosted.org/packages/71/46/17f022dd3e953bf20a04a028a21ec746d942f8d2af30fa0f124fa0e6a684/pygments-2.21.0-py3-none-any.whl", hash = "sha256:2363c69b61c4a97c838da3b130dcd6468f4848992b21a82f2a63ec34377137d9", size = 1250147, upload-time = "2026-08-17T08:02:44.912Z" },
]

[[package]]
name = "pytest"
version = "9.1.1"
source = { registry = "https://pypi.org/simple" }
dependencies = [
    { name = "colorama", marker = "sys_platform == 'win32'" },
    { name = "iniconfig" },
    { name = "packaging" },
    { name = "pluggy" },
    { name = "pygments" },
]
sdist = { url = "https://files.pythonhosted.org/packages/e4/47/b9efed96c114afcfa3c9d3fe98a76a1d14c74a9e266d397cf6eb64be5e01/pytest-9.1.1.tar.gz", hash = "sha256:1088fbde8f2b49d95a549a195707afa7a76a3ce9bcadc26b6d71f0ffda5fe313", size = 1636369, upload-time = "2026-06-19T10:58:32.857Z" }
wheels = [
    { url = "https://files.pythonhosted.org/packages/24/25/1de2678b631f5a49215c6c96fff41ba892b0a34df68d6d80292b1b48aa7f/pytest-9.1.1-py3-none-any.whl", hash = "sha256:37a86b45efb9a47a61a36449063e8e18d0cab3161329fc099eb21783169c4f0c", size = 386536, upload-time = "2026-06-19T10:58:31.347Z" },
]

[[package]]
name = "ruff"
version = "0.16.3"
source = { registry = "https://pypi.org/simple" }
sdist = { url = "https://files.pythonhosted.org/packages/61/b3/3213589383f8f1b3938781bd1278713f6d18621a14992b3e81fefb8a5ef9/ruff-0.16.3.tar.gz", hash = "sha256:e76d33a347661a84b5be6d043d0347fdc745dfdcf825a8f4fed64b5e26eebdf2", size = 4891904, upload-time = "2026-08-13T15:17:13.381Z" }
wheels = [
    { url = "https://files.pythonhosted.org/packages/bf/96/493770daebd68c0a67f1549fdf519f53be51fc435186c0585bcc272fd76c/ruff-0.16.3-py3-none-linux_armv6l.whl", hash = "sha256:0c5710e247a58a4521e66e124ba9a74655b414f61ba3a2e9e3811e11098f48f7", size = 10902799, upload-time = "2026-08-13T15:16:27.382Z" },
    { url = "https://files.pythonhosted.org/packages/5e/e6/2becf3942fddc29a29b8df47691d456fb1085391a694f74d84513251418c/ruff-0.16.3-py3-none-macosx_10_12_x86_64.whl", hash = "sha256:fe155130631a2471fd2e14a7a664a4dfbd7194b8229c3d7b2a40b21178639081", size = 11135539, upload-time = "2026-08-13T15:16:30.87Z" },
    { url = "https://files.pythonhosted.org/packages/3e/1e/4b8b72f0d006dbf19326aa99f9ca0ee2ff374187c4d301cf529a51aa06fe/ruff-0.16.3-py3-none-macosx_11_0_arm64.whl", hash = "sha256:e2ed719e14aa64d895c2ee922594a90a43c861a93f0575a95ff8c47cdbd13eb9", size = 10475095, upload-time = "2026-08-13T15:16:33.259Z" },
    { url = "https://files.pythonhosted.org/packages/92/32/2201fa49ba1f6c101ee321e83f051ac7a4b8d07b0ef6b4d3f2772b302275/ruff-0.16.3-py3-none-manylinux_2_17_aarch64.manylinux2014_aarch64.whl", hash = "sha256:9e0b1da805eb043654645d74d5de1e5ce2edc686e40790d2b86f56d71cc06a84", size = 10668771, upload-time = "2026-08-13T15:16:35.65Z" },
    { url = "https://files.pythonhosted.org/packages/c3/66/4afc5c8363bd04d45effce1b7c8713ca037d7a6740b7451a2403a6e3a972/ruff-0.16.3-py3-none-manylinux_2_17_armv7l.manylinux2014_armv7l.whl", hash = "sha256:a37bdea0bbe21780f590bf437d6412c8c4e1b6cd010f91a65c2c40c5e5f5f870", size = 10699568, upload-time = "2026-08-13T15:16:38.195Z" },
    { url = "https://files.pythonhosted.org/packages/53/fd/c67d246bf36bf1698551c56de39e95cd07f70e64433e0098e6267d77061b/ruff-0.16.3-py3-none-manylinux_2_17_i686.manylinux2014_i686.whl", hash = "sha256:09571e6d1288ed9be475207a3ac04ada404f1cd898104be0f6ab8d7df438575b", size = 11499365, upload-time = "2026-08-13T15:16:40.623Z" },
    { url = "https://files.pythonhosted.org/packages/67/0b/00ecbceb99a263af7b12f6f05ac3c92bc47b905e91adc3f207a836e3bc01/ruff-0.16.3-py3-none-manylinux_2_17_ppc64le.manylinux2014_ppc64le.whl", hash = "sha256:2c18c5a101eb540010638cc1ff3c84944d3adb3df62b8d98ca8f22ba484d3413", size = 12311728, upload-time = "2026-08-13T15:16:43.564Z" },
    { url = "https://files.pythonhosted.org/packages/54/b2/b7b3bb54f4d3f7db504e476ad4ab8de530dceebe2c061384b2757ee419e8/ruff-0.16.3-py3-none-manylinux_2_17_s390x.manylinux2014_s390x.whl", hash = "sha256:8457c44f15033c85ddbb77b15d451df9e24e4bd03b628396dd3610cedc3b8f82", size = 11699896, upload-time = "2026-08-13T15:16:46.209Z" },
    { url = "https://files.pythonhosted.org/packages/c7/30/4c468429ac195addc5ee1b717b6ab1b66632786737ca3b2ed3443fb0c26a/ruff-0.16.3-py3-none-manylinux_2_17_x86_64.manylinux2014_x86_64.whl", hash = "sha256:294b95c4ae0cda9388525c2047778aa758d6b8d4bb876fd4e9eaa3ebc92343eb", size = 11058736, upload-time = "2026-08-13T15:16:48.823Z" },
    { url = "https://files.pythonhosted.org/packages/43/67/7a113cdaddf24b64d7f75b1242a99d04c82fcef4f6921fdbb832beaffb5f/ruff-0.16.3-py3-none-manylinux_2_31_riscv64.whl", hash = "sha256:3d0c7c40c87c2a820509c31ba007968da6e1306468c067b2d82fbfdbcd0e8474", size = 11586911, upload-time = "2026-08-13T15:16:51.913Z" },
    { url = "https://files.pythonhosted.org/packages/f1/c1/2e66f24c0f3ead25a5e660111778685e505e5da353c82802bf49f0cbe7b9/ruff-0.16.3-py3-none-musllinux_1_2_aarch64.whl", hash = "sha256:9f738c0fdfa8eed0b2ce7fb27ee7258208a92a68d7949e62aa15164bc7b389da", size = 10954265, upload-time = "2026-08-13T15:16:54.763Z" },
    { url = "https://files.pythonhosted.org/packages/c2/ba/4cee23bf52cba9a058d3726de623624daf50ef9638868edd86f4126157f6/ruff-0.16.3-py3-none-musllinux_1_2_armv7l.whl", hash = "sha256:fb785f0be25abe69d320415cd4f833b59e17ba7613d9ba6a958023b6bceb0a50", size = 10709886, upload-time = "2026-08-13T15:16:57.339Z" },
    { url = "https://files.pythonhosted.org/packages/82/df/7da7194fa5d9dc0a285f7e6fa5a4722e7c63faac0b45b614ded9314363a1/ruff-0.16.3-py3-none-musllinux_1_2_i686.whl", hash = "sha256:c5536e3acfbf9563085aa2be7b13c629c3077e902afc5b941ac44024dbb9f506", size = 11210392, upload-time = "2026-08-13T15:17:00.171Z" },
    { url = "https://files.pythonhosted.org/packages/35/85/7795f6e817af050e7517bf3e7aa9b061cce70ef33d280aad902c956c1ecf/ruff-0.16.3-py3-none-musllinux_1_2_x86_64.whl", hash = "sha256:a2d85c02f9b8e165d85e6779184d38c4132de12603dab59c51c28e22584f9e4d", size = 11626910, upload-time = "2026-08-13T15:17:03.299Z" },
    { url = "https://files.pythonhosted.org/packages/78/9b/475b927cf27a5cbbda3c7bafb69ed6ff77e1d7923d5d85f17c2749d7ae32/ruff-0.16.3-py3-none-win32.whl", hash = "sha256:388cdf2166642bd9b13d52b5932d3170f34f8abed7e8d9a855f1d84b83645a0a", size = 10931415, upload-time = "2026-08-13T15:17:05.726Z" },
    { url = "https://files.pythonhosted.org/packages/b2/99/e2a2bfc4fbf0a1e8a916bc9ebe6fe6c58cc34c28e0ffc6ce281d572d1c2e/ruff-0.16.3-py3-none-win_amd64.whl", hash = "sha256:e80a7d69ca2a6d1c4d352ec91458cdca6e56c83cdbcabd93e4abe1e53591d948", size = 11445993, upload-time = "2026-08-13T15:17:08.353Z" },
    { url = "https://files.pythonhosted.org/packages/69/3e/4132e539aed78c148854d4997a2685b0ed4dc4e87110b59ce528564e184e/ruff-0.16.3-py3-none-win_arm64.whl", hash = "sha256:b8ca152da82c1acc1fa8d5874b15951935f0eef46f10e6954c83859011b6178a", size = 11399302, upload-time = "2026-08-13T15:17:10.908Z" },
]

[[package]]
name = "vehicle-lab-ci-toolchain"
version = "0.1.0"
source = { virtual = "." }
dependencies = [
    { name = "basedpyright" },
    { name = "cmake" },
    { name = "ninja" },
    { name = "pyelftools" },
    { name = "pytest" },
    { name = "ruff" },
    { name = "ziglang" },
]

[package.metadata]
requires-dist = [
    { name = "basedpyright", specifier = "==1.39.10" },
    { name = "cmake", specifier = "==3.31.6" },
    { name = "ninja", specifier = "==1.11.1.4" },
    { name = "pyelftools", specifier = "==0.32" },
    { name = "pytest", specifier = "==9.1.1" },
    { name = "ruff", specifier = "==0.16.3" },
    { name = "ziglang", specifier = "==0.15.2" },
]

[[package]]
name = "ziglang"
version = "0.15.2"
source = { registry = "https://pypi.org/simple" }
wheels = [
    { url = "https://files.pythonhosted.org/packages/d7/2e/42c49a5b539a595ff5f2293de0bd339636875e44b4c69f51470bdf1d599d/ziglang-0.15.2-py3-none-macosx_12_0_arm64.whl", hash = "sha256:acae2a9ce67ed249ad68d42c21bc73b5f9d51a33ba5ea42f609f78683e8d9bb7", size = 92993702, upload-time = "2025-11-10T06:23:24.805Z" },
    { url = "https://files.pythonhosted.org/packages/c4/c7/151df628321266a38da133d481c5e929bd36d9d0424e8c2b7a9c4964c172/ziglang-0.15.2-py3-none-macosx_12_0_x86_64.whl", hash = "sha256:47af4f85e3e59bd672126cc026d3a01b516cad24b9a9ea075abfe8532f4c6bc1", size = 97049112, upload-time = "2026-01-29T09:44:04.612Z" },
    { url = "https://files.pythonhosted.org/packages/0a/13/006c26f2dc7510385dc549eb44983402e4539519d48567d9a6b0ae71adc7/ziglang-0.15.2-py3-none-manylinux_2_12_i686.manylinux2010_i686.musllinux_1_1_i686.whl", hash = "sha256:04eb9c4135ef431487b920c73312cd3a5e754019839024eeed3521772d1585a2", size = 97299386, upload-time = "2026-01-29T09:44:21.973Z" },
    { url = "https://files.pythonhosted.org/packages/db/81/f9f5c7fd68d80b8edff2a641a1c95ac4125356387d298374227040b8e1e8/ziglang-0.15.2-py3-none-manylinux_2_12_x86_64.manylinux2010_x86_64.musllinux_1_1_x86_64.whl", hash = "sha256:806316453d1ede7174ed3fefb8e5348154629089c3bb5fe812dfd0e172fac130", size = 93508126, upload-time = "2026-01-29T09:44:41.936Z" },
    { url = "https://files.pythonhosted.org/packages/53/7d/8c277208250ffa72f12a10f52dfc1d45850f08244093065b40c5f4628260/ziglang-0.15.2-py3-none-manylinux_2_17_aarch64.manylinux2014_aarch64.musllinux_1_1_aarch64.whl", hash = "sha256:edc0aa60ec964a4cf462d40f68d7de242ddf37fd9a80f2afaee6397059463230", size = 90542084, upload-time = "2026-01-29T09:45:00.806Z" },
    { url = "https://files.pythonhosted.org/packages/cf/ba/b85879ff883f152e2278852d3f8af37924badefaabb38d89e62a5d066b40/ziglang-0.15.2-py3-none-manylinux_2_17_armv7l.manylinux2014_armv7l.musllinux_1_1_armv7l.whl", hash = "sha256:ad43a4692311512ab55cc918596c814ff44fb811b1299fa9a57cc4e2bf315c6b", size = 91550707, upload-time = "2026-01-29T09:45:22.725Z" },
    { url = "https://files.pythonhosted.org/packages/57/ef/09d2baf722521d3878b8e17d3ee6271f02c7ef7ec398bbd059fa6466a5e6/ziglang-0.15.2-py3-none-manylinux_2_17_ppc64le.manylinux2014_ppc64le.musllinux_1_1_ppc64le.whl", hash = "sha256:85faefbd4cfe420de92aaa8f8300bec2b9afe8d1f1d8c5abf71bf92754682536", size = 99943068, upload-time = "2026-01-29T09:45:42.651Z" },
    { url = "https://files.pythonhosted.org/packages/7b/5d/5690870969ed52501deaa4c722c476279a00d2c034ef7f82cf778507c3fd/ziglang-0.15.2-py3-none-manylinux_2_17_s390x.manylinux2014_s390x.musllinux_1_1_s390x.whl", hash = "sha256:978ebcc3c6c9624cbc999dd8dcb65427e7474650d9709a889aace8e325705ce2", size = 99561757, upload-time = "2026-01-29T09:46:03.149Z" },
    { url = "https://files.pythonhosted.org/packages/b5/da/2e6655300a3174bd6299c06da577b0cb14685058d9b00b61042cf9d9e38b/ziglang-0.15.2-py3-none-manylinux_2_31_riscv64.musllinux_1_1_riscv64.whl", hash = "sha256:d3fe40825e18238e986b305cbf3a4d93a50461b893339e31c81b0d6c73f33937", size = 94112157, upload-time = "2026-01-29T09:46:24.268Z" },
    { url = "https://files.pythonhosted.org/packages/57/04/e54964be82dce7b9a5708a8a5f345d373bc78c558c0712e6e356593292ec/ziglang-0.15.2-py3-none-win32.whl", hash = "sha256:b174f7ebb9d1f2210d32d1420333120f6117ebee3de8b3e221e6ebb0c3beec4b", size = 96136271, upload-time = "2026-01-29T09:46:47.975Z" },
    { url = "https://files.pythonhosted.org/packages/b9/6b/8ab0853a312108b4089747486366b824b5da89773cb56f661f9994de17db/ziglang-0.15.2-py3-none-win_amd64.whl", hash = "sha256:ca80dc9c70dbdfdd9ee51d000de3501a95d33d9782ab9ab9b56f700484ebcd83", size = 94052409, upload-time = "2026-01-29T09:47:02.419Z" },
    { url = "https://files.pythonhosted.org/packages/1e/b4/dec7e1b867ce3640f9bba9204f8ea658f6ca5161350e92b76bf17aeffb9b/ziglang-0.15.2-py3-none-win_arm64.whl", hash = "sha256:a81ebfc61e1b7aa43a33add23f93b98954d757434f894eb21bd40b176b6688aa", size = 89688080, upload-time = "2026-01-29T09:47:20.903Z" },
]
